
Microsoft Visual Studio Solution File, Format Version 12.00
Project("{2150E333-8FDC-42A3-9474-1A3956D46DE8}") = "src", "src", "{5EBF896F-D8F3-437E-9984-8519A311B90E}"
EndProject
Project("{FAE04EC0-301F-11D3-BF4B-00C04F79EFBC}") = "ThursdayMeetingBot.Web", "src\ThursdayMeetingBot.Web\ThursdayMeetingBot.Web.csproj", "{F76CAF43-4AA0-4841-9505-0CD3ACC9A9CC}"
EndProject
Project("{2150E333-8FDC-42A3-9474-1A3956D46DE8}") = "tests", "tests", "{B7917DD6-CC91-48AC-B73D-4BBEE2FFF272}"
EndProject
Project("{2150E333-8FDC-42A3-9474-1A3956D46DE8}") = "libraries", "libraries", "{0F0EECD6-3F25-4258-B892-17E53801A9D8}"
EndProject
Project("{FAE04EC0-301F-11D3-BF4B-00C04F79EFBC}") = "Libraries.Data", "src\libraries\Libraries.Data\Libraries.Data.csproj", "{91CC9E36-31EA-4CB9-8BBF-0EA1C76E8227}"
EndProject
Project("{FAE04EC0-301F-11D3-BF4B-00C04F79EFBC}") = "Libraries.Core", "src\libraries\Libraries.Core\Libraries.Core.csproj", "{323B00B9-A02A-44E1-962A-B65F3E2936B5}"
EndProject
Project("{FAE04EC0-301F-11D3-BF4B-00C04F79EFBC}") = "Libraries.Services", "src\libraries\Libraries.Services\Libraries.Services.csproj", "{DBD0AF3D-9EDA-46C1-842D-7FA99A946E7E}"
EndProject
Project("{FAE04EC0-301F-11D3-BF4B-00C04F79EFBC}") = "Libraries.Data.MigrationStore", "src\libraries\Libraries.Data.MigrationStore\Libraries.Data.MigrationStore.csproj", "{02E3461E-8406-40BD-8927-46DE4BAE3707}"
EndProject
Project("{FAE04EC0-301F-11D3-BF4B-00C04F79EFBC}") = "Libraries.Quartz", "src\libraries\Libraries.Quartz\Libraries.Quartz.csproj", "{02751B6F-B9FA-49F2-83D0-9E0A0BBC07B8}"
EndProject
Project("{FAE04EC0-301F-11D3-BF4B-00C04F79EFBC}") = "Libraries.Wikipedia", "src\libraries\Libraries.Wikipedia\Libraries.Wikipedia.csproj", "{18711484-C0AD-45B6-8603-E1CE7C827562}"
EndProject
Project("{2150E333-8FDC-42A3-9474-1A3956D46DE8}") = "Unit", "Unit", "{5870E04B-A4E7-4831-AD00-A8AFA5850CCB}"
EndProject
Project("{FAE04EC0-301F-11D3-BF4B-00C04F79EFBC}") = "UnitTests.Libraries.Data", "tests\Unit\UnitTests.Libraries.Data\UnitTests.Libraries.Data.csproj", "{D3FE1282-7C59-4D35-B45C-ECCC35BCEBA2}"
EndProject
Project("{FAE04EC0-301F-11D3-BF4B-00C04F79EFBC}") = "UnitTests.Libraries.Wikipedia", "tests\Unit\UnitTests.Libraries.Wikipedia\UnitTests.Libraries.Wikipedia.csproj", "{B780DC83-CB10-4D51-A165-4373D3A58985}"
EndProject
Project("{FAE04EC0-301F-11D3-BF4B-00C04F79EFBC}") = "UnitTests.ThursdayMeetingBot.Web", "tests\Unit\UnitTests.ThursdayMeetingBot.Web\UnitTests.ThursdayMeetingBot.Web.csproj", "{F13AF1DE-49F7-4F03-B19E-B0781D59D9BB}"
EndProject
Global
	GlobalSection(SolutionConfigurationPlatforms) = preSolution
		Debug|Any CPU = Debug|Any CPU
		Release|Any CPU = Release|Any CPU
	EndGlobalSection
	GlobalSection(ProjectConfigurationPlatforms) = postSolution
		{F76CAF43-4AA0-4841-9505-0CD3ACC9A9CC}.Debug|Any CPU.ActiveCfg = Debug|Any CPU
		{F76CAF43-4AA0-4841-9505-0CD3ACC9A9CC}.Debug|Any CPU.Build.0 = Debug|Any CPU
		{F76CAF43-4AA0-4841-9505-0CD3ACC9A9CC}.Release|Any CPU.ActiveCfg = Release|Any CPU
		{F76CAF43-4AA0-4841-9505-0CD3ACC9A9CC}.Release|Any CPU.Build.0 = Release|Any CPU
		{91CC9E36-31EA-4CB9-8BBF-0EA1C76E8227}.Debug|Any CPU.ActiveCfg = Debug|Any CPU
		{91CC9E36-31EA-4CB9-8BBF-0EA1C76E8227}.Debug|Any CPU.Build.0 = Debug|Any CPU
		{91CC9E36-31EA-4CB9-8BBF-0EA1C76E8227}.Release|Any CPU.ActiveCfg = Release|Any CPU
		{91CC9E36-31EA-4CB9-8BBF-0EA1C76E8227}.Release|Any CPU.Build.0 = Release|Any CPU
		{323B00B9-A02A-44E1-962A-B65F3E2936B5}.Debug|Any CPU.ActiveCfg = Debug|Any CPU
		{323B00B9-A02A-44E1-962A-B65F3E2936B5}.Debug|Any CPU.Build.0 = Debug|Any CPU
		{323B00B9-A02A-44E1-962A-B65F3E2936B5}.Release|Any CPU.ActiveCfg = Release|Any CPU
		{323B00B9-A02A-44E1-962A-B65F3E2936B5}.Release|Any CPU.Build.0 = Release|Any CPU
		{DBD0AF3D-9EDA-46C1-842D-7FA99A946E7E}.Debug|Any CPU.ActiveCfg = Debug|Any CPU
		{DBD0AF3D-9EDA-46C1-842D-7FA99A946E7E}.Debug|Any CPU.Build.0 = Debug|Any CPU
		{DBD0AF3D-9EDA-46C1-842D-7FA99A946E7E}.Release|Any CPU.ActiveCfg = Release|Any CPU
		{DBD0AF3D-9EDA-46C1-842D-7FA99A946E7E}.Release|Any CPU.Build.0 = Release|Any CPU
		{02E3461E-8406-40BD-8927-46DE4BAE3707}.Debug|Any CPU.ActiveCfg = Debug|Any CPU
		{02E3461E-8406-40BD-8927-46DE4BAE3707}.Debug|Any CPU.Build.0 = Debug|Any CPU
		{02E3461E-8406-40BD-8927-46DE4BAE3707}.Release|Any CPU.ActiveCfg = Release|Any CPU
		{02E3461E-8406-40BD-8927-46DE4BAE3707}.Release|Any CPU.Build.0 = Release|Any CPU
		{02751B6F-B9FA-49F2-83D0-9E0A0BBC07B8}.Debug|Any CPU.ActiveCfg = Debug|Any CPU
		{02751B6F-B9FA-49F2-83D0-9E0A0BBC07B8}.Debug|Any CPU.Build.0 = Debug|Any CPU
		{02751B6F-B9FA-49F2-83D0-9E0A0BBC07B8}.Release|Any CPU.ActiveCfg = Release|Any CPU
		{02751B6F-B9FA-49F2-83D0-9E0A0BBC07B8}.Release|Any CPU.Build.0 = Release|Any CPU
		{18711484-C0AD-45B6-8603-E1CE7C827562}.Debug|Any CPU.ActiveCfg = Debug|Any CPU
		{18711484-C0AD-45B6-8603-E1CE7C827562}.Debug|Any CPU.Build.0 = Debug|Any CPU
		{18711484-C0AD-45B6-8603-E1CE7C827562}.Release|Any CPU.ActiveCfg = Release|Any CPU
		{18711484-C0AD-45B6-8603-E1CE7C827562}.Release|Any CPU.Build.0 = Release|Any CPU
		{D3FE1282-7C59-4D35-B45C-ECCC35BCEBA2}.Debug|Any CPU.ActiveCfg = Debug|Any CPU
		{D3FE1282-7C59-4D35-B45C-ECCC35BCEBA2}.Debug|Any CPU.Build.0 = Debug|Any CPU
		{D3FE1282-7C59-4D35-B45C-ECCC35BCEBA2}.Release|Any CPU.ActiveCfg = Release|Any CPU
		{D3FE1282-7C59-4D35-B45C-ECCC35BCEBA2}.Release|Any CPU.Build.0 = Release|Any CPU
		{B780DC83-CB10-4D51-A165-4373D3A58985}.Debug|Any CPU.ActiveCfg = Debug|Any CPU
		{B780DC83-CB10-4D51-A165-4373D3A58985}.Debug|Any CPU.Build.0 = Debug|Any CPU
		{B780DC83-CB10-4D51-A165-4373D3A58985}.Release|Any CPU.ActiveCfg = Release|Any CPU
		{B780DC83-CB10-4D51-A165-4373D3A58985}.Release|Any CPU.Build.0 = Release|Any CPU
		{F13AF1DE-49F7-4F03-B19E-B0781D59D9BB}.Debug|Any CPU.ActiveCfg = Debug|Any CPU
		{F13AF1DE-49F7-4F03-B19E-B0781D59D9BB}.Debug|Any CPU.Build.0 = Debug|Any CPU
		{F13AF1DE-49F7-4F03-B19E-B0781D59D9BB}.Release|Any CPU.ActiveCfg = Release|Any CPU
		{F13AF1DE-49F7-4F03-B19E-B0781D59D9BB}.Release|Any CPU.Build.0 = Release|Any CPU
	EndGlobalSection
	GlobalSection(NestedProjects) = preSolution
		{F76CAF43-4AA0-4841-9505-0CD3ACC9A9CC} = {5EBF896F-D8F3-437E-9984-8519A311B90E}
		{28C5232D-35B6-4559-AC36-7D2125199FFB} = {5EBF896F-D8F3-437E-9984-8519A311B90E}
		{A970C7B6-D3B8-4F79-BCFA-2F27B612D7A0} = {5EBF896F-D8F3-437E-9984-8519A311B90E}
		{0F0EECD6-3F25-4258-B892-17E53801A9D8} = {5EBF896F-D8F3-437E-9984-8519A311B90E}
		{91CC9E36-31EA-4CB9-8BBF-0EA1C76E8227} = {0F0EECD6-3F25-4258-B892-17E53801A9D8}
		{323B00B9-A02A-44E1-962A-B65F3E2936B5} = {0F0EECD6-3F25-4258-B892-17E53801A9D8}
		{DBD0AF3D-9EDA-46C1-842D-7FA99A946E7E} = {0F0EECD6-3F25-4258-B892-17E53801A9D8}
		{02E3461E-8406-40BD-8927-46DE4BAE3707} = {0F0EECD6-3F25-4258-B892-17E53801A9D8}
		{02751B6F-B9FA-49F2-83D0-9E0A0BBC07B8} = {0F0EECD6-3F25-4258-B892-17E53801A9D8}
		{18711484-C0AD-45B6-8603-E1CE7C827562} = {0F0EECD6-3F25-4258-B892-17E53801A9D8}
		{5870E04B-A4E7-4831-AD00-A8AFA5850CCB} = {B7917DD6-CC91-48AC-B73D-4BBEE2FFF272}
		{D3FE1282-7C59-4D35-B45C-ECCC35BCEBA2} = {5870E04B-A4E7-4831-AD00-A8AFA5850CCB}
		{B780DC83-CB10-4D51-A165-4373D3A58985} = {5870E04B-A4E7-4831-AD00-A8AFA5850CCB}
		{F13AF1DE-49F7-4F03-B19E-B0781D59D9BB} = {5870E04B-A4E7-4831-AD00-A8AFA5850CCB}
	EndGlobalSection
EndGlobal
