
Microsoft Visual Studio Solution File, Format Version 12.00
Project("{2150E333-8FDC-42A3-9474-1A3956D46DE8}") = "src", "src", "{5EBF896F-D8F3-437E-9984-8519A311B90E}"
EndProject
Project("{FAE04EC0-301F-11D3-BF4B-00C04F79EFBC}") = "ThursdayMeetingBot.Web", "src\ThursdayMeetingBot.Web\ThursdayMeetingBot.Web.csproj", "{F76CAF43-4AA0-4841-9505-0CD3ACC9A9CC}"
EndProject
Project("{FAE04EC0-301F-11D3-BF4B-00C04F79EFBC}") = "ThursdayMeetingBot.UnitTests.TelegramBot", "src\UnitTests\ThursdayMeetingBot.UnitTests.TelegramBot\ThursdayMeetingBot.UnitTests.TelegramBot.csproj", "{A1EF095D-2677-4BA8-A31B-88ABCF8735FF}"
EndProject
Project("{2150E333-8FDC-42A3-9474-1A3956D46DE8}") = "UnitTests", "UnitTests", "{B7917DD6-CC91-48AC-B73D-4BBEE2FFF272}"
EndProject
Project("{2150E333-8FDC-42A3-9474-1A3956D46DE8}") = "libraries", "libraries", "{00E2BE2A-3875-4703-A3EA-F26CD49B8C31}"
EndProject
Project("{FAE04EC0-301F-11D3-BF4B-00C04F79EFBC}") = "Libraries.Core", "src\libraries\Libraries.Core\Libraries.Core.csproj", "{EF7F27DA-35F7-4144-92AE-FF887E83B1A7}"
EndProject
Project("{FAE04EC0-301F-11D3-BF4B-00C04F79EFBC}") = "Libraries.MediatR", "src\libraries\Libraries.MediatR\Libraries.MediatR.csproj", "{799D52E6-29C0-4970-BC73-11D81370ACFB}"
EndProject
Global
	GlobalSection(SolutionConfigurationPlatforms) = preSolution
		Debug|Any CPU = Debug|Any CPU
		Release|Any CPU = Release|Any CPU
	EndGlobalSection
	GlobalSection(ProjectConfigurationPlatforms) = postSolution
		{F76CAF43-4AA0-4841-9505-0CD3ACC9A9CC}.Debug|Any CPU.ActiveCfg = Debug|Any CPU
		{F76CAF43-4AA0-4841-9505-0CD3ACC9A9CC}.Debug|Any CPU.Build.0 = Debug|Any CPU
		{F76CAF43-4AA0-4841-9505-0CD3ACC9A9CC}.Release|Any CPU.ActiveCfg = Release|Any CPU
		{F76CAF43-4AA0-4841-9505-0CD3ACC9A9CC}.Release|Any CPU.Build.0 = Release|Any CPU
		{A1EF095D-2677-4BA8-A31B-88ABCF8735FF}.Debug|Any CPU.ActiveCfg = Debug|Any CPU
		{A1EF095D-2677-4BA8-A31B-88ABCF8735FF}.Release|Any CPU.ActiveCfg = Release|Any CPU
		{EF7F27DA-35F7-4144-92AE-FF887E83B1A7}.Debug|Any CPU.ActiveCfg = Debug|Any CPU
		{EF7F27DA-35F7-4144-92AE-FF887E83B1A7}.Debug|Any CPU.Build.0 = Debug|Any CPU
		{EF7F27DA-35F7-4144-92AE-FF887E83B1A7}.Release|Any CPU.ActiveCfg = Release|Any CPU
		{EF7F27DA-35F7-4144-92AE-FF887E83B1A7}.Release|Any CPU.Build.0 = Release|Any CPU
		{799D52E6-29C0-4970-BC73-11D81370ACFB}.Debug|Any CPU.ActiveCfg = Debug|Any CPU
		{799D52E6-29C0-4970-BC73-11D81370ACFB}.Debug|Any CPU.Build.0 = Debug|Any CPU
		{799D52E6-29C0-4970-BC73-11D81370ACFB}.Release|Any CPU.ActiveCfg = Release|Any CPU
		{799D52E6-29C0-4970-BC73-11D81370ACFB}.Release|Any CPU.Build.0 = Release|Any CPU
	EndGlobalSection
	GlobalSection(NestedProjects) = preSolution
		{F76CAF43-4AA0-4841-9505-0CD3ACC9A9CC} = {5EBF896F-D8F3-437E-9984-8519A311B90E}
		{28C5232D-35B6-4559-AC36-7D2125199FFB} = {5EBF896F-D8F3-437E-9984-8519A311B90E}
		{A970C7B6-D3B8-4F79-BCFA-2F27B612D7A0} = {5EBF896F-D8F3-437E-9984-8519A311B90E}
		{A1EF095D-2677-4BA8-A31B-88ABCF8735FF} = {B7917DD6-CC91-48AC-B73D-4BBEE2FFF272}
		{00E2BE2A-3875-4703-A3EA-F26CD49B8C31} = {5EBF896F-D8F3-437E-9984-8519A311B90E}
		{EF7F27DA-35F7-4144-92AE-FF887E83B1A7} = {00E2BE2A-3875-4703-A3EA-F26CD49B8C31}
		{799D52E6-29C0-4970-BC73-11D81370ACFB} = {00E2BE2A-3875-4703-A3EA-F26CD49B8C31}
	EndGlobalSection
EndGlobal
